
Microsoft Visual Studio Solution File, Format Version 12.00
# Visual Studio 15
Project("{FAE04EC0-301F-11D3-BF4B-00C04F79EFBC}") = "Assembly-CSharp", "Assembly-CSharp.csproj", "{E80CEB5E-2E9F-BD01-7E27-F0392A9FC839}"
EndProject
Project("{FAE04EC0-301F-11D3-BF4B-00C04F79EFBC}") = "Assembly-CSharp-Editor", "Assembly-CSharp-Editor.csproj", "{B59DFF30-3F96-9FDE-CC39-77534073B7C0}"
EndProject
Global
	GlobalSection(SolutionConfigurationPlatforms) = preSolution
		Debug|Any CPU = Debug|Any CPU
		Release|Any CPU = Release|Any CPU
	EndGlobalSection
	GlobalSection(ProjectConfigurationPlatforms) = postSolution
		{E80CEB5E-2E9F-BD01-7E27-F0392A9FC839}.Debug|Any CPU.ActiveCfg = Debug|Any CPU
		{E80CEB5E-2E9F-BD01-7E27-F0392A9FC839}.Debug|Any CPU.Build.0 = Debug|Any CPU
		{E80CEB5E-2E9F-BD01-7E27-F0392A9FC839}.Release|Any CPU.ActiveCfg = Release|Any CPU
		{E80CEB5E-2E9F-BD01-7E27-F0392A9FC839}.Release|Any CPU.Build.0 = Release|Any CPU
		{B59DFF30-3F96-9FDE-CC39-77534073B7C0}.Debug|Any CPU.ActiveCfg = Debug|Any CPU
		{B59DFF30-3F96-9FDE-CC39-77534073B7C0}.Debug|Any CPU.Build.0 = Debug|Any CPU
		{B59DFF30-3F96-9FDE-CC39-77534073B7C0}.Release|Any CPU.ActiveCfg = Release|Any CPU
		{B59DFF30-3F96-9FDE-CC39-77534073B7C0}.Release|Any CPU.Build.0 = Release|Any CPU
	EndGlobalSection
	GlobalSection(SolutionProperties) = preSolution
		HideSolutionNode = FALSE
	EndGlobalSection
EndGlobal
